// !$*UTF8*$!
{
	archiveVersion = 1;
	classes = {
	};
	objectVersion = 46;
	objects = {

/* Begin PBXBuildFile section */
		6A82E9051EEA261A00145B52 /* main.m in Sources */ = {isa = PBXBuildFile; fileRef = 6A82E9041EEA261A00145B52 /* main.m */; };
		6A82E9081EEA261A00145B52 /* AppDelegate.m in Sources */ = {isa = PBXBuildFile; fileRef = 6A82E9071EEA261A00145B52 /* AppDelegate.m */; };
		6A82E90E1EEA261A00145B52 /* Main.storyboard in Resources */ = {isa = PBXBuildFile; fileRef = 6A82E90C1EEA261A00145B52 /* Main.storyboard */; };
		6A82E9101EEA261A00145B52 /* Assets.xcassets in Resources */ = {isa = PBXBuildFile; fileRef = 6A82E90F1EEA261A00145B52 /* Assets.xcassets */; };
		6A82E9131EEA261A00145B52 /* LaunchScreen.storyboard in Resources */ = {isa = PBXBuildFile; fileRef = 6A82E9111EEA261A00145B52 /* LaunchScreen.storyboard */; };
		6A82E91C1EEA2AC000145B52 /* PanViewController.m in Sources */ = {isa = PBXBuildFile; fileRef = 6A82E91B1EEA2ABF00145B52 /* PanViewController.m */; };
		6A82E91F1EEA2AD000145B52 /* TapViewController.m in Sources */ = {isa = PBXBuildFile; fileRef = 6A82E91E1EEA2AD000145B52 /* TapViewController.m */; };
		6A82E9221EEA332D00145B52 /* PinchViewController.m in Sources */ = {isa = PBXBuildFile; fileRef = 6A82E9211EEA332D00145B52 /* PinchViewController.m */; };
		6A82E9251EEA34CE00145B52 /* constraintApplier.m in Sources */ = {isa = PBXBuildFile; fileRef = 6A82E9241EEA34CE00145B52 /* constraintApplier.m */; };
		6A82E9A61EEB7EC100145B52 /* SwipeViewController.m in Sources */ = {isa = PBXBuildFile; fileRef = 6A82E9A51EEB7EC100145B52 /* SwipeViewController.m */; };
		6A82E9A91EEB7ED700145B52 /* RotateViewController.m in Sources */ = {isa = PBXBuildFile; fileRef = 6A82E9A81EEB7ED700145B52 /* RotateViewController.m */; };
		6A82E9AF1EEB9A7B00145B52 /* EdgeViewController.m in Sources */ = {isa = PBXBuildFile; fileRef = 6A82E9AE1EEB9A7B00145B52 /* EdgeViewController.m */; };
/* End PBXBuildFile section */

/* Begin PBXFileReference section */
		6A82E9001EEA261A00145B52 /* Gestures.app */ = {isa = PBXFileReference; explicitFileType = wrapper.application; includeInIndex = 0; path = Gestures.app; sourceTree = BUILT_PRODUCTS_DIR; };
		6A82E9041EEA261A00145B52 /* main.m */ = {isa = PBXFileReference; lastKnownFileType = sourcecode.c.objc; path = main.m; sourceTree = "<group>"; };
		6A82E9061EEA261A00145B52 /* AppDelegate.h */ = {isa = PBXFileReference; lastKnownFileType = sourcecode.c.h; path = AppDelegate.h; sourceTree = "<group>"; };
		6A82E9071EEA261A00145B52 /* AppDelegate.m */ = {isa = PBXFileReference; lastKnownFileType = sourcecode.c.objc; path = AppDelegate.m; sourceTree = "<group>"; };
		6A82E90D1EEA261A00145B52 /* Base */ = {isa = PBXFileReference; lastKnownFileType = file.storyboard; name = Base; path = Base.lproj/Main.storyboard; sourceTree = "<group>"; };
		6A82E90F1EEA261A00145B52 /* Assets.xcassets */ = {isa = PBXFileReference; lastKnownFileType = folder.assetcatalog; path = Assets.xcassets; sourceTree = "<group>"; };
		6A82E9121EEA261A00145B52 /* Base */ = {isa = PBXFileReference; lastKnownFileType = file.storyboard; name = Base; path = Base.lproj/LaunchScreen.storyboard; sourceTree = "<group>"; };
		6A82E9141EEA261A00145B52 /* Info.plist */ = {isa = PBXFileReference; lastKnownFileType = text.plist.xml; path = Info.plist; sourceTree = "<group>"; };
		6A82E91A1EEA2ABF00145B52 /* PanViewController.h */ = {isa = PBXFileReference; fileEncoding = 4; lastKnownFileType = sourcecode.c.h; path = PanViewController.h; sourceTree = "<group>"; };
		6A82E91B1EEA2ABF00145B52 /* PanViewController.m */ = {isa = PBXFileReference; fileEncoding = 4; lastKnownFileType = sourcecode.c.objc; path = PanViewController.m; sourceTree = "<group>"; };
		6A82E91D1EEA2AD000145B52 /* TapViewController.h */ = {isa = PBXFileReference; fileEncoding = 4; lastKnownFileType = sourcecode.c.h; path = TapViewController.h; sourceTree = "<group>"; };
		6A82E91E1EEA2AD000145B52 /* TapViewController.m */ = {isa = PBXFileReference; fileEncoding = 4; lastKnownFileType = sourcecode.c.objc; path = TapViewController.m; sourceTree = "<group>"; };
		6A82E9201EEA332D00145B52 /* PinchViewController.h */ = {isa = PBXFileReference; fileEncoding = 4; lastKnownFileType = sourcecode.c.h; path = PinchViewController.h; sourceTree = "<group>"; };
		6A82E9211EEA332D00145B52 /* PinchViewController.m */ = {isa = PBXFileReference; fileEncoding = 4; lastKnownFileType = sourcecode.c.objc; path = PinchViewController.m; sourceTree = "<group>"; };
		6A82E9231EEA34CE00145B52 /* constraintApplier.h */ = {isa = PBXFileReference; fileEncoding = 4; lastKnownFileType = sourcecode.c.h; path = constraintApplier.h; sourceTree = "<group>"; };
		6A82E9241EEA34CE00145B52 /* constraintApplier.m */ = {isa = PBXFileReference; fileEncoding = 4; lastKnownFileType = sourcecode.c.objc; path = constraintApplier.m; sourceTree = "<group>"; };
		6A82E9A41EEB7EC100145B52 /* SwipeViewController.h */ = {isa = PBXFileReference; fileEncoding = 4; lastKnownFileType = sourcecode.c.h; path = SwipeViewController.h; sourceTree = "<group>"; };
		6A82E9A51EEB7EC100145B52 /* SwipeViewController.m */ = {isa = PBXFileReference; fileEncoding = 4; lastKnownFileType = sourcecode.c.objc; path = SwipeViewController.m; sourceTree = "<group>"; };
		6A82E9A71EEB7ED700145B52 /* RotateViewController.h */ = {isa = PBXFileReference; fileEncoding = 4; lastKnownFileType = sourcecode.c.h; path = RotateViewController.h; sourceTree = "<group>"; };
		6A82E9A81EEB7ED700145B52 /* RotateViewController.m */ = {isa = PBXFileReference; fileEncoding = 4; lastKnownFileType = sourcecode.c.objc; path = RotateViewController.m; sourceTree = "<group>"; };
		6A82E9AD1EEB9A7B00145B52 /* EdgeViewController.h */ = {isa = PBXFileReference; fileEncoding = 4; lastKnownFileType = sourcecode.c.h; path = EdgeViewController.h; sourceTree = "<group>"; };
		6A82E9AE1EEB9A7B00145B52 /* EdgeViewController.m */ = {isa = PBXFileReference; fileEncoding = 4; lastKnownFileType = sourcecode.c.objc; path = EdgeViewController.m; sourceTree = "<group>"; };
/* End PBXFileReference section */

/* Begin PBXFrameworksBuildPhase section */
		6A82E8FD1EEA261A00145B52 /* Frameworks */ = {
			isa = PBXFrameworksBuildPhase;
			buildActionMask = 2147483647;
			files = (
			);
			runOnlyForDeploymentPostprocessing = 0;
		};
/* End PBXFrameworksBuildPhase section */

/* Begin PBXGroup section */
		6A82E8F71EEA261A00145B52 = {
			isa = PBXGroup;
			children = (
				6A82E9021EEA261A00145B52 /* Gestures */,
				6A82E9011EEA261A00145B52 /* Products */,
			);
			sourceTree = "<group>";
		};
		6A82E9011EEA261A00145B52 /* Products */ = {
			isa = PBXGroup;
			children = (
				6A82E9001EEA261A00145B52 /* Gestures.app */,
			);
			name = Products;
			sourceTree = "<group>";
		};
		6A82E9021EEA261A00145B52 /* Gestures */ = {
			isa = PBXGroup;
			children = (
				6A82E90C1EEA261A00145B52 /* Main.storyboard */,
				6A82E90F1EEA261A00145B52 /* Assets.xcassets */,
				6A82E91A1EEA2ABF00145B52 /* PanViewController.h */,
				6A82E91B1EEA2ABF00145B52 /* PanViewController.m */,
				6A82E9231EEA34CE00145B52 /* constraintApplier.h */,
				6A82E9241EEA34CE00145B52 /* constraintApplier.m */,
				6A82E91D1EEA2AD000145B52 /* TapViewController.h */,
				6A82E91E1EEA2AD000145B52 /* TapViewController.m */,
				6A82E9201EEA332D00145B52 /* PinchViewController.h */,
				6A82E9211EEA332D00145B52 /* PinchViewController.m */,
				6A82E9A41EEB7EC100145B52 /* SwipeViewController.h */,
				6A82E9A51EEB7EC100145B52 /* SwipeViewController.m */,
				6A82E9A71EEB7ED700145B52 /* RotateViewController.h */,
				6A82E9A81EEB7ED700145B52 /* RotateViewController.m */,
				6A82E9AD1EEB9A7B00145B52 /* EdgeViewController.h */,
				6A82E9AE1EEB9A7B00145B52 /* EdgeViewController.m */,
				6A82E9111EEA261A00145B52 /* LaunchScreen.storyboard */,
				6A82E9141EEA261A00145B52 /* Info.plist */,
				6A82E9031EEA261A00145B52 /* Supporting Files */,
			);
			path = Gestures;
			sourceTree = "<group>";
		};
		6A82E9031EEA261A00145B52 /* Supporting Files */ = {
			isa = PBXGroup;
			children = (
				6A82E9061EEA261A00145B52 /* AppDelegate.h */,
				6A82E9071EEA261A00145B52 /* AppDelegate.m */,
				6A82E9041EEA261A00145B52 /* main.m */,
			);
			name = "Supporting Files";
			sourceTree = "<group>";
		};
/* End PBXGroup section */

/* Begin PBXNativeTarget section */
		6A82E8FF1EEA261A00145B52 /* Gestures */ = {
			isa = PBXNativeTarget;
			buildConfigurationList = 6A82E9171EEA261A00145B52 /* Build configuration list for PBXNativeTarget "Gestures" */;
			buildPhases = (
				6A82E8FC1EEA261A00145B52 /* Sources */,
				6A82E8FD1EEA261A00145B52 /* Frameworks */,
				6A82E8FE1EEA261A00145B52 /* Resources */,
			);
			buildRules = (
			);
			dependencies = (
			);
			name = Gestures;
			productName = Gestures;
			productReference = 6A82E9001EEA261A00145B52 /* Gestures.app */;
			productType = "com.apple.product-type.application";
		};
/* End PBXNativeTarget section */

/* Begin PBXProject section */
		6A82E8F81EEA261A00145B52 /* Project object */ = {
			isa = PBXProject;
			attributes = {
				LastUpgradeCheck = 0830;
				ORGANIZATIONNAME = "Elle Ti";
				TargetAttributes = {
					6A82E8FF1EEA261A00145B52 = {
						CreatedOnToolsVersion = 8.3.3;
						ProvisioningStyle = Automatic;
					};
				};
			};
			buildConfigurationList = 6A82E8FB1EEA261A00145B52 /* Build configuration list for PBXProject "Gestures" */;
			compatibilityVersion = "Xcode 3.2";
			developmentRegion = English;
			hasScannedForEncodings = 0;
			knownRegions = (
				en,
				Base,
			);
			mainGroup = 6A82E8F71EEA261A00145B52;
			productRefGroup = 6A82E9011EEA261A00145B52 /* Products */;
			projectDirPath = "";
			projectRoot = "";
			targets = (
				6A82E8FF1EEA261A00145B52 /* Gestures */,
			);
		};
/* End PBXProject section */

/* Begin PBXResourcesBuildPhase section */
		6A82E8FE1EEA261A00145B52 /* Resources */ = {
			isa = PBXResourcesBuildPhase;
			buildActionMask = 2147483647;
			files = (
				6A82E9131EEA261A00145B52 /* LaunchScreen.storyboard in Resources */,
				6A82E9101EEA261A00145B52 /* Assets.xcassets in Resources */,
				6A82E90E1EEA261A00145B52 /* Main.storyboard in Resources */,
			);
			runOnlyForDeploymentPostprocessing = 0;
		};
/* End PBXResourcesBuildPhase section */

/* Begin PBXSourcesBuildPhase section */
		6A82E8FC1EEA261A00145B52 /* Sources */ = {
			isa = PBXSourcesBuildPhase;
			buildActionMask = 2147483647;
			files = (
				6A82E91C1EEA2AC000145B52 /* PanViewController.m in Sources */,
				6A82E9081EEA261A00145B52 /* AppDelegate.m in Sources */,
				6A82E9AF1EEB9A7B00145B52 /* EdgeViewController.m in Sources */,
				6A82E9221EEA332D00145B52 /* PinchViewController.m in Sources */,
				6A82E91F1EEA2AD000145B52 /* TapViewController.m in Sources */,
				6A82E9251EEA34CE00145B52 /* constraintApplier.m in Sources */,
				6A82E9051EEA261A00145B52 /* main.m in Sources */,
				6A82E9A61EEB7EC100145B52 /* SwipeViewController.m in Sources */,
				6A82E9A91EEB7ED700145B52 /* RotateViewController.m in Sources */,
			);
			runOnlyForDeploymentPostprocessing = 0;
		};
/* End PBXSourcesBuildPhase section */

/* Begin PBXVariantGroup section */
		6A82E90C1EEA261A00145B52 /* Main.storyboard */ = {
			isa = PBXVariantGroup;
			children = (
				6A82E90D1EEA261A00145B52 /* Base */,
			);
			name = Main.storyboard;
			sourceTree = "<group>";
		};
		6A82E9111EEA261A00145B52 /* LaunchScreen.storyboard */ = {
			isa = PBXVariantGroup;
			children = (
				6A82E9121EEA261A00145B52 /* Base */,
			);
			name = LaunchScreen.storyboard;
			sourceTree = "<group>";
		};
/* End PBXVariantGroup section */

/* Begin XCBuildConfiguration section */
		6A82E9151EEA261A00145B52 /* Debug */ = {
			isa = XCBuildConfiguration;
			buildSettings = {
				ALWAYS_SEARCH_USER_PATHS = NO;
				CLANG_ANALYZER_NONNULL = YES;
				CLANG_ANALYZER_NUMBER_OBJECT_CONVERSION = YES_AGGRESSIVE;
				CLANG_CXX_LANGUAGE_STANDARD = "gnu++0x";
				CLANG_CXX_LIBRARY = "libc++";
				CLANG_ENABLE_MODULES = YES;
				CLANG_ENABLE_OBJC_ARC = YES;
				CLANG_WARN_BOOL_CONVERSION = YES;
				CLANG_WARN_CONSTANT_CONVERSION = YES;
				CLANG_WARN_DIRECT_OBJC_ISA_USAGE = YES_ERROR;
				CLANG_WARN_DOCUMENTATION_COMMENTS = YES;
				CLANG_WARN_EMPTY_BODY = YES;
				CLANG_WARN_ENUM_CONVERSION = YES;
				CLANG_WARN_INFINITE_RECURSION = YES;
				CLANG_WARN_INT_CONVERSION = YES;
				CLANG_WARN_OBJC_ROOT_CLASS = YES_ERROR;
				CLANG_WARN_SUSPICIOUS_MOVE = YES;
				CLANG_WARN_UNREACHABLE_CODE = YES;
				CLANG_WARN__DUPLICATE_METHOD_MATCH = YES;
				"CODE_SIGN_IDENTITY[sdk=iphoneos*]" = "iPhone Developer";
				COPY_PHASE_STRIP = NO;
				DEBUG_INFORMATION_FORMAT = dwarf;
				ENABLE_STRICT_OBJC_MSGSEND = YES;
				ENABLE_TESTABILITY = YES;
				GCC_C_LANGUAGE_STANDARD = gnu99;
				GCC_DYNAMIC_NO_PIC = NO;
				GCC_NO_COMMON_BLOCKS = YES;
				GCC_OPTIMIZATION_LEVEL = 0;
				GCC_PREPROCESSOR_DEFINITIONS = (
					"DEBUG=1",
					"$(inherited)",
				);
				GCC_WARN_64_TO_32_BIT_CONVERSION = YES;
				GCC_WARN_ABOUT_RETURN_TYPE = YES_ERROR;
				GCC_WARN_UNDECLARED_SELECTOR = YES;
				GCC_WARN_UNINITIALIZED_AUTOS = YES_AGGRESSIVE;
				GCC_WARN_UNUSED_FUNCTION = YES;
				GCC_WARN_UNUSED_VARIABLE = YES;
				IPHONEOS_DEPLOYMENT_TARGET = 10.3;
				MTL_ENABLE_DEBUG_INFO = YES;
				ONLY_ACTIVE_ARCH = YES;
				SDKROOT = iphoneos;
			};
			name = Debug;
		};
		6A82E9161EEA261A00145B52 /* Release */ = {
			isa = XCBuildConfiguration;
			buildSettings = {
				ALWAYS_SEARCH_USER_PATHS = NO;
				CLANG_ANALYZER_NONNULL = YES;
				CLANG_ANALYZER_NUMBER_OBJECT_CONVERSION = YES_AGGRESSIVE;
				CLANG_CXX_LANGUAGE_STANDARD = "gnu++0x";
				CLANG_CXX_LIBRARY = "libc++";
				CLANG_ENABLE_MODULES = YES;
				CLANG_ENABLE_OBJC_ARC = YES;
				CLANG_WARN_BOOL_CONVERSION = YES;
				CLANG_WARN_CONSTANT_CONVERSION = YES;
				CLANG_WARN_DIRECT_OBJC_ISA_USAGE = YES_ERROR;
				CLANG_WARN_DOCUMENTATION_COMMENTS = YES;
				CLANG_WARN_EMPTY_BODY = YES;
				CLANG_WARN_ENUM_CONVERSION = YES;
				CLANG_WARN_INFINITE_RECURSION = YES;
				CLANG_WARN_INT_CONVERSION = YES;
				CLANG_WARN_OBJC_ROOT_CLASS = YES_ERROR;
				CLANG_WARN_SUSPICIOUS_MOVE = YES;
				CLANG_WARN_UNREACHABLE_CODE = YES;
				CLANG_WARN__DUPLICATE_METHOD_MATCH = YES;
				"CODE_SIGN_IDENTITY[sdk=iphoneos*]" = "iPhone Developer";
				COPY_PHASE_STRIP = NO;
				DEBUG_INFORMATION_FORMAT = "dwarf-with-dsym";
				ENABLE_NS_ASSERTIONS = NO;
				ENABLE_STRICT_OBJC_MSGSEND = YES;
				GCC_C_LANGUAGE_STANDARD = gnu99;
				GCC_NO_COMMON_BLOCKS = YES;
				GCC_WARN_64_TO_32_BIT_CONVERSION = YES;
				GCC_WARN_ABOUT_RETURN_TYPE = YES_ERROR;
				GCC_WARN_UNDECLARED_SELECTOR = YES;
				GCC_WARN_UNINITIALIZED_AUTOS = YES_AGGRESSIVE;
				GCC_WARN_UNUSED_FUNCTION = YES;
				GCC_WARN_UNUSED_VARIABLE = YES;
				IPHONEOS_DEPLOYMENT_TARGET = 10.3;
				MTL_ENABLE_DEBUG_INFO = NO;
				SDKROOT = iphoneos;
				VALIDATE_PRODUCT = YES;
			};
			name = Release;
		};
		6A82E9181EEA261A00145B52 /* Debug */ = {
			isa = XCBuildConfiguration;
			buildSettings = {
				ASSETCATALOG_COMPILER_APPICON_NAME = AppIcon;
				INFOPLIST_FILE = Gestures/Info.plist;
				LD_RUNPATH_SEARCH_PATHS = "$(inherited) @executable_path/Frameworks";
				PRODUCT_BUNDLE_IDENTIFIER = frostnova.org.Gestures;
				PRODUCT_NAME = "$(TARGET_NAME)";
			};
			name = Debug;
		};
		6A82E9191EEA261A00145B52 /* Release */ = {
			isa = XCBuildConfiguration;
			buildSettings = {
				ASSETCATALOG_COMPILER_APPICON_NAME = AppIcon;
				INFOPLIST_FILE = Gestures/Info.plist;
				LD_RUNPATH_SEARCH_PATHS = "$(inherited) @executable_path/Frameworks";
				PRODUCT_BUNDLE_IDENTIFIER = frostnova.org.Gestures;
				PRODUCT_NAME = "$(TARGET_NAME)";
			};
			name = Release;
		};
/* End XCBuildConfiguration section */

/* Begin XCConfigurationList section */
		6A82E8FB1EEA261A00145B52 /* Build configuration list for PBXProject "Gestures" */ = {
			isa = XCConfigurationList;
			buildConfigurations = (
				6A82E9151EEA261A00145B52 /* Debug */,
				6A82E9161EEA261A00145B52 /* Release */,
			);
			defaultConfigurationIsVisible = 0;
			defaultConfigurationName = Release;
		};
		6A82E9171EEA261A00145B52 /* Build configuration list for PBXNativeTarget "Gestures" */ = {
			isa = XCConfigurationList;
			buildConfigurations = (
				6A82E9181EEA261A00145B52 /* Debug */,
				6A82E9191EEA261A00145B52 /* Release */,
			);
			defaultConfigurationIsVisible = 0;
			defaultConfigurationName = Release;
		};
/* End XCConfigurationList section */
	};
	rootObject = 6A82E8F81EEA261A00145B52 /* Project object */;
}
